// !$*UTF8*$!
{
	archiveVersion = 1;
	classes = {
	};
	objectVersion = 55;
	objects = {

/* Begin PBXBuildFile section */
		56BBA1AB281ECD050058DCE3 /* Falabella.docc in Sources */ = {isa = PBXBuildFile; fileRef = 56BBA1AA281ECD050058DCE3 /* Falabella.docc */; };
		56BBA1B1281ECD050058DCE3 /* Falabella.framework in Frameworks */ = {isa = PBXBuildFile; fileRef = 56BBA1A6281ECD050058DCE3 /* Falabella.framework */; };
		56BBA1B6281ECD050058DCE3 /* FalabellaTests.swift in Sources */ = {isa = PBXBuildFile; fileRef = 56BBA1B5281ECD050058DCE3 /* FalabellaTests.swift */; };
		56BBA1B7281ECD050058DCE3 /* Falabella.h in Headers */ = {isa = PBXBuildFile; fileRef = 56BBA1A9281ECD050058DCE3 /* Falabella.h */; settings = {ATTRIBUTES = (Public, ); }; };
		56BBA1C8281ECE790058DCE3 /* AppDelegate.swift in Sources */ = {isa = PBXBuildFile; fileRef = 56BBA1C7281ECE790058DCE3 /* AppDelegate.swift */; };
		56BBA1CA281ECE790058DCE3 /* SceneDelegate.swift in Sources */ = {isa = PBXBuildFile; fileRef = 56BBA1C9281ECE790058DCE3 /* SceneDelegate.swift */; };
		56BBA1CC281ECE790058DCE3 /* ViewController.swift in Sources */ = {isa = PBXBuildFile; fileRef = 56BBA1CB281ECE790058DCE3 /* ViewController.swift */; };
		56BBA1CF281ECE790058DCE3 /* Main.storyboard in Resources */ = {isa = PBXBuildFile; fileRef = 56BBA1CD281ECE790058DCE3 /* Main.storyboard */; };
		56BBA1D1281ECE7C0058DCE3 /* Assets.xcassets in Resources */ = {isa = PBXBuildFile; fileRef = 56BBA1D0281ECE7C0058DCE3 /* Assets.xcassets */; };
		56BBA1D4281ECE7C0058DCE3 /* LaunchScreen.storyboard in Resources */ = {isa = PBXBuildFile; fileRef = 56BBA1D2281ECE7C0058DCE3 /* LaunchScreen.storyboard */; };
		56BBA1DA281EDF130058DCE3 /* Falabella.swift in Sources */ = {isa = PBXBuildFile; fileRef = 56BBA1D9281EDF130058DCE3 /* Falabella.swift */; };
/* End PBXBuildFile section */

/* Begin PBXContainerItemProxy section */
		56BBA1B2281ECD050058DCE3 /* PBXContainerItemProxy */ = {
			isa = PBXContainerItemProxy;
			containerPortal = 56BBA19D281ECD050058DCE3 /* Project object */;
			proxyType = 1;
			remoteGlobalIDString = 56BBA1A5281ECD050058DCE3;
			remoteInfo = Falabella;
		};
/* End PBXContainerItemProxy section */

/* Begin PBXFileReference section */
		56BBA1A6281ECD050058DCE3 /* Falabella.framework */ = {isa = PBXFileReference; explicitFileType = wrapper.framework; includeInIndex = 0; path = Falabella.framework; sourceTree = BUILT_PRODUCTS_DIR; };
		56BBA1A9281ECD050058DCE3 /* Falabella.h */ = {isa = PBXFileReference; lastKnownFileType = sourcecode.c.h; path = Falabella.h; sourceTree = "<group>"; };
		56BBA1AA281ECD050058DCE3 /* Falabella.docc */ = {isa = PBXFileReference; lastKnownFileType = folder.documentationcatalog; path = Falabella.docc; sourceTree = "<group>"; };
		56BBA1B0281ECD050058DCE3 /* FalabellaTests.xctest */ = {isa = PBXFileReference; explicitFileType = wrapper.cfbundle; includeInIndex = 0; path = FalabellaTests.xctest; sourceTree = BUILT_PRODUCTS_DIR; };
		56BBA1B5281ECD050058DCE3 /* FalabellaTests.swift */ = {isa = PBXFileReference; lastKnownFileType = sourcecode.swift; path = FalabellaTests.swift; sourceTree = "<group>"; };
		56BBA1C5281ECE790058DCE3 /* Example.app */ = {isa = PBXFileReference; explicitFileType = wrapper.application; includeInIndex = 0; path = Example.app; sourceTree = BUILT_PRODUCTS_DIR; };
		56BBA1C7281ECE790058DCE3 /* AppDelegate.swift */ = {isa = PBXFileReference; lastKnownFileType = sourcecode.swift; path = AppDelegate.swift; sourceTree = "<group>"; };
		56BBA1C9281ECE790058DCE3 /* SceneDelegate.swift */ = {isa = PBXFileReference; lastKnownFileType = sourcecode.swift; path = SceneDelegate.swift; sourceTree = "<group>"; };
		56BBA1CB281ECE790058DCE3 /* ViewController.swift */ = {isa = PBXFileReference; lastKnownFileType = sourcecode.swift; path = ViewController.swift; sourceTree = "<group>"; };
		56BBA1CE281ECE790058DCE3 /* Base */ = {isa = PBXFileReference; lastKnownFileType = file.storyboard; name = Base; path = Base.lproj/Main.storyboard; sourceTree = "<group>"; };
		56BBA1D0281ECE7C0058DCE3 /* Assets.xcassets */ = {isa = PBXFileReference; lastKnownFileType = folder.assetcatalog; path = Assets.xcassets; sourceTree = "<group>"; };
		56BBA1D3281ECE7C0058DCE3 /* Base */ = {isa = PBXFileReference; lastKnownFileType = file.storyboard; name = Base; path = Base.lproj/LaunchScreen.storyboard; sourceTree = "<group>"; };
		56BBA1D5281ECE7C0058DCE3 /* Info.plist */ = {isa = PBXFileReference; lastKnownFileType = text.plist.xml; path = Info.plist; sourceTree = "<group>"; };
		56BBA1D9281EDF130058DCE3 /* Falabella.swift */ = {isa = PBXFileReference; lastKnownFileType = sourcecode.swift; path = Falabella.swift; sourceTree = "<group>"; };
/* End PBXFileReference section */

/* Begin PBXFrameworksBuildPhase section */
		56BBA1A3281ECD050058DCE3 /* Frameworks */ = {
			isa = PBXFrameworksBuildPhase;
			buildActionMask = 2147483647;
			files = (
			);
			runOnlyForDeploymentPostprocessing = 0;
		};
		56BBA1AD281ECD050058DCE3 /* Frameworks */ = {
			isa = PBXFrameworksBuildPhase;
			buildActionMask = 2147483647;
			files = (
				56BBA1B1281ECD050058DCE3 /* Falabella.framework in Frameworks */,
			);
			runOnlyForDeploymentPostprocessing = 0;
		};
		56BBA1C2281ECE790058DCE3 /* Frameworks */ = {
			isa = PBXFrameworksBuildPhase;
			buildActionMask = 2147483647;
			files = (
			);
			runOnlyForDeploymentPostprocessing = 0;
		};
/* End PBXFrameworksBuildPhase section */

/* Begin PBXGroup section */
		56BBA19C281ECD050058DCE3 = {
			isa = PBXGroup;
			children = (
				56BBA1A8281ECD050058DCE3 /* Falabella */,
				56BBA1B4281ECD050058DCE3 /* FalabellaTests */,
				56BBA1C6281ECE790058DCE3 /* Example */,
				56BBA1A7281ECD050058DCE3 /* Products */,
			);
			sourceTree = "<group>";
		};
		56BBA1A7281ECD050058DCE3 /* Products */ = {
			isa = PBXGroup;
			children = (
				56BBA1A6281ECD050058DCE3 /* Falabella.framework */,
				56BBA1B0281ECD050058DCE3 /* FalabellaTests.xctest */,
				56BBA1C5281ECE790058DCE3 /* Example.app */,
			);
			name = Products;
			sourceTree = "<group>";
		};
		56BBA1A8281ECD050058DCE3 /* Falabella */ = {
			isa = PBXGroup;
			children = (
				56BBA1C0281ECDFD0058DCE3 /* FalabellaExample */,
				56BBA1A9281ECD050058DCE3 /* Falabella.h */,
				56BBA1AA281ECD050058DCE3 /* Falabella.docc */,
				56BBA1D9281EDF130058DCE3 /* Falabella.swift */,
			);
			path = Falabella;
			sourceTree = "<group>";
		};
		56BBA1B4281ECD050058DCE3 /* FalabellaTests */ = {
			isa = PBXGroup;
			children = (
				56BBA1B5281ECD050058DCE3 /* FalabellaTests.swift */,
			);
			path = FalabellaTests;
			sourceTree = "<group>";
		};
		56BBA1C0281ECDFD0058DCE3 /* FalabellaExample */ = {
			isa = PBXGroup;
			children = (
			);
			path = FalabellaExample;
			sourceTree = "<group>";
		};
		56BBA1C6281ECE790058DCE3 /* Example */ = {
			isa = PBXGroup;
			children = (
				56BBA1C7281ECE790058DCE3 /* AppDelegate.swift */,
				56BBA1C9281ECE790058DCE3 /* SceneDelegate.swift */,
				56BBA1CB281ECE790058DCE3 /* ViewController.swift */,
				56BBA1CD281ECE790058DCE3 /* Main.storyboard */,
				56BBA1D0281ECE7C0058DCE3 /* Assets.xcassets */,
				56BBA1D2281ECE7C0058DCE3 /* LaunchScreen.storyboard */,
				56BBA1D5281ECE7C0058DCE3 /* Info.plist */,
			);
			path = Example;
			sourceTree = "<group>";
		};
/* End PBXGroup section */

/* Begin PBXHeadersBuildPhase section */
		56BBA1A1281ECD050058DCE3 /* Headers */ = {
			isa = PBXHeadersBuildPhase;
			buildActionMask = 2147483647;
			files = (
				56BBA1B7281ECD050058DCE3 /* Falabella.h in Headers */,
			);
			runOnlyForDeploymentPostprocessing = 0;
		};
/* End PBXHeadersBuildPhase section */

/* Begin PBXNativeTarget section */
		56BBA1A5281ECD050058DCE3 /* Falabella */ = {
			isa = PBXNativeTarget;
			buildConfigurationList = 56BBA1BA281ECD050058DCE3 /* Build configuration list for PBXNativeTarget "Falabella" */;
			buildPhases = (
				56BBA1A1281ECD050058DCE3 /* Headers */,
				56BBA1A2281ECD050058DCE3 /* Sources */,
				56BBA1A3281ECD050058DCE3 /* Frameworks */,
				56BBA1A4281ECD050058DCE3 /* Resources */,
			);
			buildRules = (
			);
			dependencies = (
			);
			name = Falabella;
			productName = Falabella;
			productReference = 56BBA1A6281ECD050058DCE3 /* Falabella.framework */;
			productType = "com.apple.product-type.framework";
		};
		56BBA1AF281ECD050058DCE3 /* FalabellaTests */ = {
			isa = PBXNativeTarget;
			buildConfigurationList = 56BBA1BD281ECD050058DCE3 /* Build configuration list for PBXNativeTarget "FalabellaTests" */;
			buildPhases = (
				56BBA1AC281ECD050058DCE3 /* Sources */,
				56BBA1AD281ECD050058DCE3 /* Frameworks */,
				56BBA1AE281ECD050058DCE3 /* Resources */,
			);
			buildRules = (
			);
			dependencies = (
				56BBA1B3281ECD050058DCE3 /* PBXTargetDependency */,
			);
			name = FalabellaTests;
			productName = FalabellaTests;
			productReference = 56BBA1B0281ECD050058DCE3 /* FalabellaTests.xctest */;
			productType = "com.apple.product-type.bundle.unit-test";
		};
		56BBA1C4281ECE790058DCE3 /* Example */ = {
			isa = PBXNativeTarget;
			buildConfigurationList = 56BBA1D6281ECE7C0058DCE3 /* Build configuration list for PBXNativeTarget "Example" */;
			buildPhases = (
				56BBA1C1281ECE790058DCE3 /* Sources */,
				56BBA1C2281ECE790058DCE3 /* Frameworks */,
				56BBA1C3281ECE790058DCE3 /* Resources */,
			);
			buildRules = (
			);
			dependencies = (
			);
			name = Example;
			productName = Example;
			productReference = 56BBA1C5281ECE790058DCE3 /* Example.app */;
			productType = "com.apple.product-type.application";
		};
/* End PBXNativeTarget section */

/* Begin PBXProject section */
		56BBA19D281ECD050058DCE3 /* Project object */ = {
			isa = PBXProject;
			attributes = {
				BuildIndependentTargetsInParallel = 1;
				LastSwiftUpdateCheck = 1330;
				LastUpgradeCheck = 1330;
				TargetAttributes = {
					56BBA1A5281ECD050058DCE3 = {
						CreatedOnToolsVersion = 13.3;
					};
					56BBA1AF281ECD050058DCE3 = {
						CreatedOnToolsVersion = 13.3;
					};
					56BBA1C4281ECE790058DCE3 = {
						CreatedOnToolsVersion = 13.3;
					};
				};
			};
			buildConfigurationList = 56BBA1A0281ECD050058DCE3 /* Build configuration list for PBXProject "Falabella" */;
			compatibilityVersion = "Xcode 13.0";
			developmentRegion = en;
			hasScannedForEncodings = 0;
			knownRegions = (
				en,
				Base,
			);
			mainGroup = 56BBA19C281ECD050058DCE3;
			productRefGroup = 56BBA1A7281ECD050058DCE3 /* Products */;
			projectDirPath = "";
			projectRoot = "";
			targets = (
				56BBA1A5281ECD050058DCE3 /* Falabella */,
				56BBA1AF281ECD050058DCE3 /* FalabellaTests */,
				56BBA1C4281ECE790058DCE3 /* Example */,
			);
		};
/* End PBXProject section */

/* Begin PBXResourcesBuildPhase section */
		56BBA1A4281ECD050058DCE3 /* Resources */ = {
			isa = PBXResourcesBuildPhase;
			buildActionMask = 2147483647;
			files = (
			);
			runOnlyForDeploymentPostprocessing = 0;
		};
		56BBA1AE281ECD050058DCE3 /* Resources */ = {
			isa = PBXResourcesBuildPhase;
			buildActionMask = 2147483647;
			files = (
			);
			runOnlyForDeploymentPostprocessing = 0;
		};
		56BBA1C3281ECE790058DCE3 /* Resources */ = {
			isa = PBXResourcesBuildPhase;
			buildActionMask = 2147483647;
			files = (
				56BBA1D4281ECE7C0058DCE3 /* LaunchScreen.storyboard in Resources */,
				56BBA1D1281ECE7C0058DCE3 /* Assets.xcassets in Resources */,
				56BBA1CF281ECE790058DCE3 /* Main.storyboard in Resources */,
			);
			runOnlyForDeploymentPostprocessing = 0;
		};
/* End PBXResourcesBuildPhase section */

/* Begin PBXSourcesBuildPhase section */
		56BBA1A2281ECD050058DCE3 /* Sources */ = {
			isa = PBXSourcesBuildPhase;
			buildActionMask = 2147483647;
			files = (
				56BBA1DA281EDF130058DCE3 /* Falabella.swift in Sources */,
				56BBA1AB281ECD050058DCE3 /* Falabella.docc in Sources */,
			);
			runOnlyForDeploymentPostprocessing = 0;
		};
		56BBA1AC281ECD050058DCE3 /* Sources */ = {
			isa = PBXSourcesBuildPhase;
			buildActionMask = 2147483647;
			files = (
				56BBA1B6281ECD050058DCE3 /* FalabellaTests.swift in Sources */,
			);
			runOnlyForDeploymentPostprocessing = 0;
		};
		56BBA1C1281ECE790058DCE3 /* Sources */ = {
			isa = PBXSourcesBuildPhase;
			buildActionMask = 2147483647;
			files = (
				56BBA1CC281ECE790058DCE3 /* ViewController.swift in Sources */,
				56BBA1C8281ECE790058DCE3 /* AppDelegate.swift in Sources */,
				56BBA1CA281ECE790058DCE3 /* SceneDelegate.swift in Sources */,
			);
			runOnlyForDeploymentPostprocessing = 0;
		};
/* End PBXSourcesBuildPhase section */

/* Begin PBXTargetDependency section */
		56BBA1B3281ECD050058DCE3 /* PBXTargetDependency */ = {
			isa = PBXTargetDependency;
			target = 56BBA1A5281ECD050058DCE3 /* Falabella */;
			targetProxy = 56BBA1B2281ECD050058DCE3 /* PBXContainerItemProxy */;
		};
/* End PBXTargetDependency section */

/* Begin PBXVariantGroup section */
		56BBA1CD281ECE790058DCE3 /* Main.storyboard */ = {
			isa = PBXVariantGroup;
			children = (
				56BBA1CE281ECE790058DCE3 /* Base */,
			);
			name = Main.storyboard;
			sourceTree = "<group>";
		};
		56BBA1D2281ECE7C0058DCE3 /* LaunchScreen.storyboard */ = {
			isa = PBXVariantGroup;
			children = (
				56BBA1D3281ECE7C0058DCE3 /* Base */,
			);
			name = LaunchScreen.storyboard;
			sourceTree = "<group>";
		};
/* End PBXVariantGroup section */

/* Begin XCBuildConfiguration section */
		56BBA1B8281ECD050058DCE3 /* Debug */ = {
			isa = XCBuildConfiguration;
			buildSettings = {
				ALWAYS_SEARCH_USER_PATHS = NO;
				CLANG_ANALYZER_NONNULL = YES;
				CLANG_ANALYZER_NUMBER_OBJECT_CONVERSION = YES_AGGRESSIVE;
				CLANG_CXX_LANGUAGE_STANDARD = "gnu++17";
				CLANG_ENABLE_MODULES = YES;
				CLANG_ENABLE_OBJC_ARC = YES;
				CLANG_ENABLE_OBJC_WEAK = YES;
				CLANG_WARN_BLOCK_CAPTURE_AUTORELEASING = YES;
				CLANG_WARN_BOOL_CONVERSION = YES;
				CLANG_WARN_COMMA = YES;
				CLANG_WARN_CONSTANT_CONVERSION = YES;
				CLANG_WARN_DEPRECATED_OBJC_IMPLEMENTATIONS = YES;
				CLANG_WARN_DIRECT_OBJC_ISA_USAGE = YES_ERROR;
				CLANG_WARN_DOCUMENTATION_COMMENTS = YES;
				CLANG_WARN_EMPTY_BODY = YES;
				CLANG_WARN_ENUM_CONVERSION = YES;
				CLANG_WARN_INFINITE_RECURSION = YES;
				CLANG_WARN_INT_CONVERSION = YES;
				CLANG_WARN_NON_LITERAL_NULL_CONVERSION = YES;
				CLANG_WARN_OBJC_IMPLICIT_RETAIN_SELF = YES;
				CLANG_WARN_OBJC_LITERAL_CONVERSION = YES;
				CLANG_WARN_OBJC_ROOT_CLASS = YES_ERROR;
				CLANG_WARN_QUOTED_INCLUDE_IN_FRAMEWORK_HEADER = YES;
				CLANG_WARN_RANGE_LOOP_ANALYSIS = YES;
				CLANG_WARN_STRICT_PROTOTYPES = YES;
				CLANG_WARN_SUSPICIOUS_MOVE = YES;
				CLANG_WARN_UNGUARDED_AVAILABILITY = YES_AGGRESSIVE;
				CLANG_WARN_UNREACHABLE_CODE = YES;
				CLANG_WARN__DUPLICATE_METHOD_MATCH = YES;
				COPY_PHASE_STRIP = NO;
				CURRENT_PROJECT_VERSION = 1;
				DEBUG_INFORMATION_FORMAT = dwarf;
				ENABLE_STRICT_OBJC_MSGSEND = YES;
				ENABLE_TESTABILITY = YES;
				GCC_C_LANGUAGE_STANDARD = gnu11;
				GCC_DYNAMIC_NO_PIC = NO;
				GCC_NO_COMMON_BLOCKS = YES;
				GCC_OPTIMIZATION_LEVEL = 0;
				GCC_PREPROCESSOR_DEFINITIONS = (
					"DEBUG=1",
					"$(inherited)",
				);
				GCC_WARN_64_TO_32_BIT_CONVERSION = YES;
				GCC_WARN_ABOUT_RETURN_TYPE = YES_ERROR;
				GCC_WARN_UNDECLARED_SELECTOR = YES;
				GCC_WARN_UNINITIALIZED_AUTOS = YES_AGGRESSIVE;
				GCC_WARN_UNUSED_FUNCTION = YES;
				GCC_WARN_UNUSED_VARIABLE = YES;
				IPHONEOS_DEPLOYMENT_TARGET = 15.4;
				MTL_ENABLE_DEBUG_INFO = INCLUDE_SOURCE;
				MTL_FAST_MATH = YES;
				ONLY_ACTIVE_ARCH = YES;
				SDKROOT = iphoneos;
				SWIFT_ACTIVE_COMPILATION_CONDITIONS = DEBUG;
				SWIFT_OPTIMIZATION_LEVEL = "-Onone";
				VERSIONING_SYSTEM = "apple-generic";
				VERSION_INFO_PREFIX = "";
			};
			name = Debug;
		};
		56BBA1B9281ECD050058DCE3 /* Release */ = {
			isa = XCBuildConfiguration;
			buildSettings = {
				ALWAYS_SEARCH_USER_PATHS = NO;
				CLANG_ANALYZER_NONNULL = YES;
				CLANG_ANALYZER_NUMBER_OBJECT_CONVERSION = YES_AGGRESSIVE;
				CLANG_CXX_LANGUAGE_STANDARD = "gnu++17";
				CLANG_ENABLE_MODULES = YES;
				CLANG_ENABLE_OBJC_ARC = YES;
				CLANG_ENABLE_OBJC_WEAK = YES;
				CLANG_WARN_BLOCK_CAPTURE_AUTORELEASING = YES;
				CLANG_WARN_BOOL_CONVERSION = YES;
				CLANG_WARN_COMMA = YES;
				CLANG_WARN_CONSTANT_CONVERSION = YES;
				CLANG_WARN_DEPRECATED_OBJC_IMPLEMENTATIONS = YES;
				CLANG_WARN_DIRECT_OBJC_ISA_USAGE = YES_ERROR;
				CLANG_WARN_DOCUMENTATION_COMMENTS = YES;
				CLANG_WARN_EMPTY_BODY = YES;
				CLANG_WARN_ENUM_CONVERSION = YES;
				CLANG_WARN_INFINITE_RECURSION = YES;
				CLANG_WARN_INT_CONVERSION = YES;
				CLANG_WARN_NON_LITERAL_NULL_CONVERSION = YES;
				CLANG_WARN_OBJC_IMPLICIT_RETAIN_SELF = YES;
				CLANG_WARN_OBJC_LITERAL_CONVERSION = YES;
				CLANG_WARN_OBJC_ROOT_CLASS = YES_ERROR;
				CLANG_WARN_QUOTED_INCLUDE_IN_FRAMEWORK_HEADER = YES;
				CLANG_WARN_RANGE_LOOP_ANALYSIS = YES;
				CLANG_WARN_STRICT_PROTOTYPES = YES;
				CLANG_WARN_SUSPICIOUS_MOVE = YES;
				CLANG_WARN_UNGUARDED_AVAILABILITY = YES_AGGRESSIVE;
				CLANG_WARN_UNREACHABLE_CODE = YES;
				CLANG_WARN__DUPLICATE_METHOD_MATCH = YES;
				COPY_PHASE_STRIP = NO;
				CURRENT_PROJECT_VERSION = 1;
				DEBUG_INFORMATION_FORMAT = "dwarf-with-dsym";
				ENABLE_NS_ASSERTIONS = NO;
				ENABLE_STRICT_OBJC_MSGSEND = YES;
				GCC_C_LANGUAGE_STANDARD = gnu11;
				GCC_NO_COMMON_BLOCKS = YES;
				GCC_WARN_64_TO_32_BIT_CONVERSION = YES;
				GCC_WARN_ABOUT_RETURN_TYPE = YES_ERROR;
				GCC_WARN_UNDECLARED_SELECTOR = YES;
				GCC_WARN_UNINITIALIZED_AUTOS = YES_AGGRESSIVE;
				GCC_WARN_UNUSED_FUNCTION = YES;
				GCC_WARN_UNUSED_VARIABLE = YES;
				IPHONEOS_DEPLOYMENT_TARGET = 15.4;
				MTL_ENABLE_DEBUG_INFO = NO;
				MTL_FAST_MATH = YES;
				SDKROOT = iphoneos;
				SWIFT_COMPILATION_MODE = wholemodule;
				SWIFT_OPTIMIZATION_LEVEL = "-O";
				VALIDATE_PRODUCT = YES;
				VERSIONING_SYSTEM = "apple-generic";
				VERSION_INFO_PREFIX = "";
			};
			name = Release;
		};
		56BBA1BB281ECD050058DCE3 /* Debug */ = {
			isa = XCBuildConfiguration;
			buildSettings = {
				CODE_SIGN_STYLE = Automatic;
				CURRENT_PROJECT_VERSION = 1;
				DEFINES_MODULE = YES;
				DYLIB_COMPATIBILITY_VERSION = 1;
				DYLIB_CURRENT_VERSION = 1;
				DYLIB_INSTALL_NAME_BASE = "@rpath";
				GENERATE_INFOPLIST_FILE = YES;
				INFOPLIST_KEY_NSHumanReadableCopyright = "";
				INSTALL_PATH = "$(LOCAL_LIBRARY_DIR)/Frameworks";
				LD_RUNPATH_SEARCH_PATHS = (
					"$(inherited)",
					"@executable_path/Frameworks",
					"@loader_path/Frameworks",
				);
				MARKETING_VERSION = 1.0;
				PRODUCT_BUNDLE_IDENTIFIER = "Karine-Karapetyan.Falabella";
				PRODUCT_NAME = "$(TARGET_NAME:c99extidentifier)";
				SKIP_INSTALL = YES;
				SWIFT_EMIT_LOC_STRINGS = YES;
				SWIFT_VERSION = 5.0;
				TARGETED_DEVICE_FAMILY = "1,2";
			};
			name = Debug;
		};
		56BBA1BC281ECD050058DCE3 /* Release */ = {
			isa = XCBuildConfiguration;
			buildSettings = {
				CODE_SIGN_STYLE = Automatic;
				CURRENT_PROJECT_VERSION = 1;
				DEFINES_MODULE = YES;
				DYLIB_COMPATIBILITY_VERSION = 1;
				DYLIB_CURRENT_VERSION = 1;
				DYLIB_INSTALL_NAME_BASE = "@rpath";
				GENERATE_INFOPLIST_FILE = YES;
				INFOPLIST_KEY_NSHumanReadableCopyright = "";
				INSTALL_PATH = "$(LOCAL_LIBRARY_DIR)/Frameworks";
				LD_RUNPATH_SEARCH_PATHS = (
					"$(inherited)",
					"@executable_path/Frameworks",
					"@loader_path/Frameworks",
				);
				MARKETING_VERSION = 1.0;
				PRODUCT_BUNDLE_IDENTIFIER = "Karine-Karapetyan.Falabella";
				PRODUCT_NAME = "$(TARGET_NAME:c99extidentifier)";
				SKIP_INSTALL = YES;
				SWIFT_EMIT_LOC_STRINGS = YES;
				SWIFT_VERSION = 5.0;
				TARGETED_DEVICE_FAMILY = "1,2";
			};
			name = Release;
		};
		56BBA1BE281ECD050058DCE3 /* Debug */ = {
			isa = XCBuildConfiguration;
			buildSettings = {
				ALWAYS_EMBED_SWIFT_STANDARD_LIBRARIES = YES;
				CODE_SIGN_STYLE = Automatic;
				CURRENT_PROJECT_VERSION = 1;
				GENERATE_INFOPLIST_FILE = YES;
				MARKETING_VERSION = 1.0;
				PRODUCT_BUNDLE_IDENTIFIER = "Karine-Karapetyan.FalabellaTests";
				PRODUCT_NAME = "$(TARGET_NAME)";
				SWIFT_EMIT_LOC_STRINGS = NO;
				SWIFT_VERSION = 5.0;
				TARGETED_DEVICE_FAMILY = "1,2";
			};
			name = Debug;
		};
		56BBA1BF281ECD050058DCE3 /* Release */ = {
			isa = XCBuildConfiguration;
			buildSettings = {
				ALWAYS_EMBED_SWIFT_STANDARD_LIBRARIES = YES;
				CODE_SIGN_STYLE = Automatic;
				CURRENT_PROJECT_VERSION = 1;
				GENERATE_INFOPLIST_FILE = YES;
				MARKETING_VERSION = 1.0;
				PRODUCT_BUNDLE_IDENTIFIER = "Karine-Karapetyan.FalabellaTests";
				PRODUCT_NAME = "$(TARGET_NAME)";
				SWIFT_EMIT_LOC_STRINGS = NO;
				SWIFT_VERSION = 5.0;
				TARGETED_DEVICE_FAMILY = "1,2";
			};
			name = Release;
		};
		56BBA1D7281ECE7C0058DCE3 /* Debug */ = {
			isa = XCBuildConfiguration;
			buildSettings = {
				ASSETCATALOG_COMPILER_APPICON_NAME = AppIcon;
				ASSETCATALOG_COMPILER_GLOBAL_ACCENT_COLOR_NAME = AccentColor;
				CODE_SIGN_STYLE = Automatic;
				CURRENT_PROJECT_VERSION = 1;
				GENERATE_INFOPLIST_FILE = YES;
				INFOPLIST_FILE = Example/Info.plist;
				INFOPLIST_KEY_UIApplicationSupportsIndirectInputEvents = YES;
				INFOPLIST_KEY_UILaunchStoryboardName = LaunchScreen;
				INFOPLIST_KEY_UIMainStoryboardFile = Main;
				INFOPLIST_KEY_UISupportedInterfaceOrientations_iPad = "UIInterfaceOrientationPortrait UIInterfaceOrientationPortraitUpsideDown UIInterfaceOrientationLandscapeLeft UIInterfaceOrientationLandscapeRight";
				INFOPLIST_KEY_UISupportedInterfaceOrientations_iPhone = "UIInterfaceOrientationPortrait UIInterfaceOrientationLandscapeLeft UIInterfaceOrientationLandscapeRight";
				LD_RUNPATH_SEARCH_PATHS = (
					"$(inherited)",
					"@executable_path/Frameworks",
				);
				MARKETING_VERSION = 1.0;
				PRODUCT_BUNDLE_IDENTIFIER = "Karine-Karapetyan.Example";
				PRODUCT_NAME = "$(TARGET_NAME)";
				SWIFT_EMIT_LOC_STRINGS = YES;
				SWIFT_VERSION = 5.0;
				TARGETED_DEVICE_FAMILY = "1,2";
			};
			name = Debug;
		};
		56BBA1D8281ECE7C0058DCE3 /* Release */ = {
			isa = XCBuildConfiguration;
			buildSettings = {
				ASSETCATALOG_COMPILER_APPICON_NAME = AppIcon;
				ASSETCATALOG_COMPILER_GLOBAL_ACCENT_COLOR_NAME = AccentColor;
				CODE_SIGN_STYLE = Automatic;
				CURRENT_PROJECT_VERSION = 1;
				GENERATE_INFOPLIST_FILE = YES;
				INFOPLIST_FILE = Example/Info.plist;
				INFOPLIST_KEY_UIApplicationSupportsIndirectInputEvents = YES;
				INFOPLIST_KEY_UILaunchStoryboardName = LaunchScreen;
				INFOPLIST_KEY_UIMainStoryboardFile = Main;
				INFOPLIST_KEY_UISupportedInterfaceOrientations_iPad = "UIInterfaceOrientationPortrait UIInterfaceOrientationPortraitUpsideDown UIInterfaceOrientationLandscapeLeft UIInterfaceOrientationLandscapeRight";
				INFOPLIST_KEY_UISupportedInterfaceOrientations_iPhone = "UIInterfaceOrientationPortrait UIInterfaceOrientationLandscapeLeft UIInterfaceOrientationLandscapeRight";
				LD_RUNPATH_SEARCH_PATHS = (
					"$(inherited)",
					"@executable_path/Frameworks",
				);
				MARKETING_VERSION = 1.0;
				PRODUCT_BUNDLE_IDENTIFIER = "Karine-Karapetyan.Example";
				PRODUCT_NAME = "$(TARGET_NAME)";
				SWIFT_EMIT_LOC_STRINGS = YES;
				SWIFT_VERSION = 5.0;
				TARGETED_DEVICE_FAMILY = "1,2";
			};
			name = Release;
		};
/* End XCBuildConfiguration section */

/* Begin XCConfigurationList section */
		56BBA1A0281ECD050058DCE3 /* Build configuration list for PBXProject "Falabella" */ = {
			isa = XCConfigurationList;
			buildConfigurations = (
				56BBA1B8281ECD050058DCE3 /* Debug */,
				56BBA1B9281ECD050058DCE3 /* Release */,
			);
			defaultConfigurationIsVisible = 0;
			defaultConfigurationName = Release;
		};
		56BBA1BA281ECD050058DCE3 /* Build configuration list for PBXNativeTarget "Falabella" */ = {
			isa = XCConfigurationList;
			buildConfigurations = (
				56BBA1BB281ECD050058DCE3 /* Debug */,
				56BBA1BC281ECD050058DCE3 /* Release */,
			);
			defaultConfigurationIsVisible = 0;
			defaultConfigurationName = Release;
		};
		56BBA1BD281ECD050058DCE3 /* Build configuration list for PBXNativeTarget "FalabellaTests" */ = {
			isa = XCConfigurationList;
			buildConfigurations = (
				56BBA1BE281ECD050058DCE3 /* Debug */,
				56BBA1BF281ECD050058DCE3 /* Release */,
			);
			defaultConfigurationIsVisible = 0;
			defaultConfigurationName = Release;
		};
		56BBA1D6281ECE7C0058DCE3 /* Build configuration list for PBXNativeTarget "Example" */ = {
			isa = XCConfigurationList;
			buildConfigurations = (
				56BBA1D7281ECE7C0058DCE3 /* Debug */,
				56BBA1D8281ECE7C0058DCE3 /* Release */,
			);
			defaultConfigurationIsVisible = 0;
			defaultConfigurationName = Release;
		};
/* End XCConfigurationList section */
	};
	rootObject = 56BBA19D281ECD050058DCE3 /* Project object */;
}
